
Microsoft Visual Studio Solution File, Format Version 12.00
# Visual Studio Version 17
VisualStudioVersion = 17.6.33829.357
MinimumVisualStudioVersion = 10.0.40219.1
Project("{FAE04EC0-301F-11D3-BF4B-00C04F79EFBC}") = "UWP", "UWP\UWP.csproj", "{5077B092-E8E3-4ADD-A934-88B99D743EA0}"
EndProject
Project("{C7167F0D-BC9F-4E6E-AFE1-012C56B48DB5}") = "WinUI3 (Package)", "WinUI3\WinUI3 (Package)\WinUI3 (Package).wapproj", "{96F7C38E-4CD0-4620-8025-41B588789094}"
EndProject
Project("{FAE04EC0-301F-11D3-BF4B-00C04F79EFBC}") = "WinUI3", "WinUI3\WinUI3\WinUI3.csproj", "{5491F97F-5179-4B17-8C9A-1EDD5E86BA62}"
EndProject
Global
	GlobalSection(SolutionConfigurationPlatforms) = preSolution
		Debug|Any CPU = Debug|Any CPU
		Debug|ARM = Debug|ARM
		Debug|ARM64 = Debug|ARM64
		Debug|iPhone = Debug|iPhone
		Debug|iPhoneSimulator = Debug|iPhoneSimulator
		Debug|x64 = Debug|x64
		Debug|x86 = Debug|x86
		Release|Any CPU = Release|Any CPU
		Release|ARM = Release|ARM
		Release|ARM64 = Release|ARM64
		Release|iPhone = Release|iPhone
		Release|iPhoneSimulator = Release|iPhoneSimulator
		Release|x64 = Release|x64
		Release|x86 = Release|x86
	EndGlobalSection
	GlobalSection(ProjectConfigurationPlatforms) = postSolution
		{5077B092-E8E3-4ADD-A934-88B99D743EA0}.Debug|Any CPU.ActiveCfg = Debug|x86
		{5077B092-E8E3-4ADD-A934-88B99D743EA0}.Debug|ARM.ActiveCfg = Debug|ARM
		{5077B092-E8E3-4ADD-A934-88B99D743EA0}.Debug|ARM.Build.0 = Debug|ARM
		{5077B092-E8E3-4ADD-A934-88B99D743EA0}.Debug|ARM.Deploy.0 = Debug|ARM
		{5077B092-E8E3-4ADD-A934-88B99D743EA0}.Debug|ARM64.ActiveCfg = Debug|ARM64
		{5077B092-E8E3-4ADD-A934-88B99D743EA0}.Debug|ARM64.Build.0 = Debug|ARM64
		{5077B092-E8E3-4ADD-A934-88B99D743EA0}.Debug|ARM64.Deploy.0 = Debug|ARM64
		{5077B092-E8E3-4ADD-A934-88B99D743EA0}.Debug|iPhone.ActiveCfg = Debug|x86
		{5077B092-E8E3-4ADD-A934-88B99D743EA0}.Debug|iPhoneSimulator.ActiveCfg = Debug|x86
		{5077B092-E8E3-4ADD-A934-88B99D743EA0}.Debug|x64.ActiveCfg = Debug|x64
		{5077B092-E8E3-4ADD-A934-88B99D743EA0}.Debug|x64.Build.0 = Debug|x64
		{5077B092-E8E3-4ADD-A934-88B99D743EA0}.Debug|x64.Deploy.0 = Debug|x64
		{5077B092-E8E3-4ADD-A934-88B99D743EA0}.Debug|x86.ActiveCfg = Debug|x86
		{5077B092-E8E3-4ADD-A934-88B99D743EA0}.Debug|x86.Build.0 = Debug|x86
		{5077B092-E8E3-4ADD-A934-88B99D743EA0}.Debug|x86.Deploy.0 = Debug|x86
		{5077B092-E8E3-4ADD-A934-88B99D743EA0}.Release|Any CPU.ActiveCfg = Release|x86
		{5077B092-E8E3-4ADD-A934-88B99D743EA0}.Release|ARM.ActiveCfg = Release|ARM
		{5077B092-E8E3-4ADD-A934-88B99D743EA0}.Release|ARM.Build.0 = Release|ARM
		{5077B092-E8E3-4ADD-A934-88B99D743EA0}.Release|ARM.Deploy.0 = Release|ARM
		{5077B092-E8E3-4ADD-A934-88B99D743EA0}.Release|ARM64.ActiveCfg = Release|ARM64
		{5077B092-E8E3-4ADD-A934-88B99D743EA0}.Release|ARM64.Build.0 = Release|ARM64
		{5077B092-E8E3-4ADD-A934-88B99D743EA0}.Release|ARM64.Deploy.0 = Release|ARM64
		{5077B092-E8E3-4ADD-A934-88B99D743EA0}.Release|iPhone.ActiveCfg = Release|x86
		{5077B092-E8E3-4ADD-A934-88B99D743EA0}.Release|iPhoneSimulator.ActiveCfg = Release|x86
		{5077B092-E8E3-4ADD-A934-88B99D743EA0}.Release|x64.ActiveCfg = Release|x64
		{5077B092-E8E3-4ADD-A934-88B99D743EA0}.Release|x64.Build.0 = Release|x64
		{5077B092-E8E3-4ADD-A934-88B99D743EA0}.Release|x64.Deploy.0 = Release|x64
		{5077B092-E8E3-4ADD-A934-88B99D743EA0}.Release|x86.ActiveCfg = Release|x86
		{5077B092-E8E3-4ADD-A934-88B99D743EA0}.Release|x86.Build.0 = Release|x86
		{5077B092-E8E3-4ADD-A934-88B99D743EA0}.Release|x86.Deploy.0 = Release|x86
		{96F7C38E-4CD0-4620-8025-41B588789094}.Debug|Any CPU.ActiveCfg = Debug|x64
		{96F7C38E-4CD0-4620-8025-41B588789094}.Debug|Any CPU.Build.0 = Debug|x64
		{96F7C38E-4CD0-4620-8025-41B588789094}.Debug|Any CPU.Deploy.0 = Debug|x64
		{96F7C38E-4CD0-4620-8025-41B588789094}.Debug|ARM.ActiveCfg = Debug|x64
		{96F7C38E-4CD0-4620-8025-41B588789094}.Debug|ARM.Build.0 = Debug|x64
		{96F7C38E-4CD0-4620-8025-41B588789094}.Debug|ARM.Deploy.0 = Debug|x64
		{96F7C38E-4CD0-4620-8025-41B588789094}.Debug|ARM64.ActiveCfg = Debug|ARM64
		{96F7C38E-4CD0-4620-8025-41B588789094}.Debug|ARM64.Build.0 = Debug|ARM64
		{96F7C38E-4CD0-4620-8025-41B588789094}.Debug|ARM64.Deploy.0 = Debug|ARM64
		{96F7C38E-4CD0-4620-8025-41B588789094}.Debug|iPhone.ActiveCfg = Debug|x64
		{96F7C38E-4CD0-4620-8025-41B588789094}.Debug|iPhone.Build.0 = Debug|x64
		{96F7C38E-4CD0-4620-8025-41B588789094}.Debug|iPhone.Deploy.0 = Debug|x64
		{96F7C38E-4CD0-4620-8025-41B588789094}.Debug|iPhoneSimulator.ActiveCfg = Debug|x64
		{96F7C38E-4CD0-4620-8025-41B588789094}.Debug|iPhoneSimulator.Build.0 = Debug|x64
		{96F7C38E-4CD0-4620-8025-41B588789094}.Debug|iPhoneSimulator.Deploy.0 = Debug|x64
		{96F7C38E-4CD0-4620-8025-41B588789094}.Debug|x64.ActiveCfg = Debug|x64
		{96F7C38E-4CD0-4620-8025-41B588789094}.Debug|x64.Build.0 = Debug|x64
		{96F7C38E-4CD0-4620-8025-41B588789094}.Debug|x64.Deploy.0 = Debug|x64
		{96F7C38E-4CD0-4620-8025-41B588789094}.Debug|x86.ActiveCfg = Debug|x86
		{96F7C38E-4CD0-4620-8025-41B588789094}.Debug|x86.Build.0 = Debug|x86
		{96F7C38E-4CD0-4620-8025-41B588789094}.Debug|x86.Deploy.0 = Debug|x86
		{96F7C38E-4CD0-4620-8025-41B588789094}.Release|Any CPU.ActiveCfg = Release|x64
		{96F7C38E-4CD0-4620-8025-41B588789094}.Release|Any CPU.Build.0 = Release|x64
		{96F7C38E-4CD0-4620-8025-41B588789094}.Release|Any CPU.Deploy.0 = Release|x64
		{96F7C38E-4CD0-4620-8025-41B588789094}.Release|ARM.ActiveCfg = Release|x64
		{96F7C38E-4CD0-4620-8025-41B588789094}.Release|ARM.Build.0 = Release|x64
		{96F7C38E-4CD0-4620-8025-41B588789094}.Release|ARM.Deploy.0 = Release|x64
		{96F7C38E-4CD0-4620-8025-41B588789094}.Release|ARM64.ActiveCfg = Release|ARM64
		{96F7C38E-4CD0-4620-8025-41B588789094}.Release|ARM64.Build.0 = Release|ARM64
		{96F7C38E-4CD0-4620-8025-41B588789094}.Release|ARM64.Deploy.0 = Release|ARM64
		{96F7C38E-4CD0-4620-8025-41B588789094}.Release|iPhone.ActiveCfg = Release|x64
		{96F7C38E-4CD0-4620-8025-41B588789094}.Release|iPhone.Build.0 = Release|x64
		{96F7C38E-4CD0-4620-8025-41B588789094}.Release|iPhone.Deploy.0 = Release|x64
		{96F7C38E-4CD0-4620-8025-41B588789094}.Release|iPhoneSimulator.ActiveCfg = Release|x64
		{96F7C38E-4CD0-4620-8025-41B588789094}.Release|iPhoneSimulator.Build.0 = Release|x64
		{96F7C38E-4CD0-4620-8025-41B588789094}.Release|iPhoneSimulator.Deploy.0 = Release|x64
		{96F7C38E-4CD0-4620-8025-41B588789094}.Release|x64.ActiveCfg = Release|x64
		{96F7C38E-4CD0-4620-8025-41B588789094}.Release|x64.Build.0 = Release|x64
		{96F7C38E-4CD0-4620-8025-41B588789094}.Release|x64.Deploy.0 = Release|x64
		{96F7C38E-4CD0-4620-8025-41B588789094}.Release|x86.ActiveCfg = Release|x86
		{96F7C38E-4CD0-4620-8025-41B588789094}.Release|x86.Build.0 = Release|x86
		{96F7C38E-4CD0-4620-8025-41B588789094}.Release|x86.Deploy.0 = Release|x86
		{5491F97F-5179-4B17-8C9A-1EDD5E86BA62}.Debug|Any CPU.ActiveCfg = Debug|x64
		{5491F97F-5179-4B17-8C9A-1EDD5E86BA62}.Debug|Any CPU.Build.0 = Debug|x64
		{5491F97F-5179-4B17-8C9A-1EDD5E86BA62}.Debug|ARM.ActiveCfg = Debug|x64
		{5491F97F-5179-4B17-8C9A-1EDD5E86BA62}.Debug|ARM.Build.0 = Debug|x64
		{5491F97F-5179-4B17-8C9A-1EDD5E86BA62}.Debug|ARM64.ActiveCfg = Debug|ARM64
		{5491F97F-5179-4B17-8C9A-1EDD5E86BA62}.Debug|ARM64.Build.0 = Debug|ARM64
		{5491F97F-5179-4B17-8C9A-1EDD5E86BA62}.Debug|iPhone.ActiveCfg = Debug|x64
		{5491F97F-5179-4B17-8C9A-1EDD5E86BA62}.Debug|iPhone.Build.0 = Debug|x64
		{5491F97F-5179-4B17-8C9A-1EDD5E86BA62}.Debug|iPhoneSimulator.ActiveCfg = Debug|x64
		{5491F97F-5179-4B17-8C9A-1EDD5E86BA62}.Debug|iPhoneSimulator.Build.0 = Debug|x64
		{5491F97F-5179-4B17-8C9A-1EDD5E86BA62}.Debug|x64.ActiveCfg = Debug|x64
		{5491F97F-5179-4B17-8C9A-1EDD5E86BA62}.Debug|x64.Build.0 = Debug|x64
		{5491F97F-5179-4B17-8C9A-1EDD5E86BA62}.Debug|x86.ActiveCfg = Debug|x86
		{5491F97F-5179-4B17-8C9A-1EDD5E86BA62}.Debug|x86.Build.0 = Debug|x86
		{5491F97F-5179-4B17-8C9A-1EDD5E86BA62}.Release|Any CPU.ActiveCfg = Release|x64
		{5491F97F-5179-4B17-8C9A-1EDD5E86BA62}.Release|Any CPU.Build.0 = Release|x64
		{5491F97F-5179-4B17-8C9A-1EDD5E86BA62}.Release|ARM.ActiveCfg = Release|x64
		{5491F97F-5179-4B17-8C9A-1EDD5E86BA62}.Release|ARM.Build.0 = Release|x64
		{5491F97F-5179-4B17-8C9A-1EDD5E86BA62}.Release|ARM64.ActiveCfg = Release|ARM64
		{5491F97F-5179-4B17-8C9A-1EDD5E86BA62}.Release|ARM64.Build.0 = Release|ARM64
		{5491F97F-5179-4B17-8C9A-1EDD5E86BA62}.Release|iPhone.ActiveCfg = Release|x64
		{5491F97F-5179-4B17-8C9A-1EDD5E86BA62}.Release|iPhone.Build.0 = Release|x64
		{5491F97F-5179-4B17-8C9A-1EDD5E86BA62}.Release|iPhoneSimulator.ActiveCfg = Release|x64
		{5491F97F-5179-4B17-8C9A-1EDD5E86BA62}.Release|iPhoneSimulator.Build.0 = Release|x64
		{5491F97F-5179-4B17-8C9A-1EDD5E86BA62}.Release|x64.ActiveCfg = Release|x64
		{5491F97F-5179-4B17-8C9A-1EDD5E86BA62}.Release|x64.Build.0 = Release|x64
		{5491F97F-5179-4B17-8C9A-1EDD5E86BA62}.Release|x86.ActiveCfg = Release|x86
		{5491F97F-5179-4B17-8C9A-1EDD5E86BA62}.Release|x86.Build.0 = Release|x86
	EndGlobalSection
	GlobalSection(SolutionProperties) = preSolution
		HideSolutionNode = FALSE
	EndGlobalSection
	GlobalSection(ExtensibilityGlobals) = postSolution
		SolutionGuid = {80E84325-6255-4033-B0B3-EB98A3D70BA3}
	EndGlobalSection
EndGlobal
