
Microsoft Visual Studio Solution File, Format Version 12.00
# Visual Studio Version 17
VisualStudioVersion = 17.6.33829.357
MinimumVisualStudioVersion = 10.0.40219.1
Project("{C7167F0D-BC9F-4E6E-AFE1-012C56B48DB5}") = "Lifes-log (Package)", "Lifes-log\Lifes-log (Package)\Lifes-log (Package).wapproj", "{3E3EDA15-4C60-446E-A4EC-B706BBD0F916}"
EndProject
Project("{9A19103F-16F7-4668-BE54-9A1E7A4F7556}") = "Lifes-log", "Lifes-log\Lifes-log\Lifes-log.csproj", "{1CF0EED6-DA7C-4E2A-B061-DFEF638DB0EA}"
EndProject
Global
	GlobalSection(SolutionConfigurationPlatforms) = preSolution
		Debug|Any CPU = Debug|Any CPU
		Debug|ARM = Debug|ARM
		Debug|ARM64 = Debug|ARM64
		Debug|iPhone = Debug|iPhone
		Debug|iPhoneSimulator = Debug|iPhoneSimulator
		Debug|x64 = Debug|x64
		Debug|x86 = Debug|x86
		Release|Any CPU = Release|Any CPU
		Release|ARM = Release|ARM
		Release|ARM64 = Release|ARM64
		Release|iPhone = Release|iPhone
		Release|iPhoneSimulator = Release|iPhoneSimulator
		Release|x64 = Release|x64
		Release|x86 = Release|x86
	EndGlobalSection
	GlobalSection(ProjectConfigurationPlatforms) = postSolution
		{3E3EDA15-4C60-446E-A4EC-B706BBD0F916}.Debug|Any CPU.ActiveCfg = Debug|x64
		{3E3EDA15-4C60-446E-A4EC-B706BBD0F916}.Debug|Any CPU.Build.0 = Debug|x64
		{3E3EDA15-4C60-446E-A4EC-B706BBD0F916}.Debug|Any CPU.Deploy.0 = Debug|x64
		{3E3EDA15-4C60-446E-A4EC-B706BBD0F916}.Debug|ARM.ActiveCfg = Debug|x64
		{3E3EDA15-4C60-446E-A4EC-B706BBD0F916}.Debug|ARM.Build.0 = Debug|x64
		{3E3EDA15-4C60-446E-A4EC-B706BBD0F916}.Debug|ARM.Deploy.0 = Debug|x64
		{3E3EDA15-4C60-446E-A4EC-B706BBD0F916}.Debug|ARM64.ActiveCfg = Debug|ARM64
		{3E3EDA15-4C60-446E-A4EC-B706BBD0F916}.Debug|ARM64.Build.0 = Debug|ARM64
		{3E3EDA15-4C60-446E-A4EC-B706BBD0F916}.Debug|ARM64.Deploy.0 = Debug|ARM64
		{3E3EDA15-4C60-446E-A4EC-B706BBD0F916}.Debug|iPhone.ActiveCfg = Debug|x64
		{3E3EDA15-4C60-446E-A4EC-B706BBD0F916}.Debug|iPhone.Build.0 = Debug|x64
		{3E3EDA15-4C60-446E-A4EC-B706BBD0F916}.Debug|iPhone.Deploy.0 = Debug|x64
		{3E3EDA15-4C60-446E-A4EC-B706BBD0F916}.Debug|iPhoneSimulator.ActiveCfg = Debug|x64
		{3E3EDA15-4C60-446E-A4EC-B706BBD0F916}.Debug|iPhoneSimulator.Build.0 = Debug|x64
		{3E3EDA15-4C60-446E-A4EC-B706BBD0F916}.Debug|iPhoneSimulator.Deploy.0 = Debug|x64
		{3E3EDA15-4C60-446E-A4EC-B706BBD0F916}.Debug|x64.ActiveCfg = Debug|x64
		{3E3EDA15-4C60-446E-A4EC-B706BBD0F916}.Debug|x64.Build.0 = Debug|x64
		{3E3EDA15-4C60-446E-A4EC-B706BBD0F916}.Debug|x64.Deploy.0 = Debug|x64
		{3E3EDA15-4C60-446E-A4EC-B706BBD0F916}.Debug|x86.ActiveCfg = Debug|x86
		{3E3EDA15-4C60-446E-A4EC-B706BBD0F916}.Debug|x86.Build.0 = Debug|x86
		{3E3EDA15-4C60-446E-A4EC-B706BBD0F916}.Debug|x86.Deploy.0 = Debug|x86
		{3E3EDA15-4C60-446E-A4EC-B706BBD0F916}.Release|Any CPU.ActiveCfg = Release|x64
		{3E3EDA15-4C60-446E-A4EC-B706BBD0F916}.Release|Any CPU.Build.0 = Release|x64
		{3E3EDA15-4C60-446E-A4EC-B706BBD0F916}.Release|Any CPU.Deploy.0 = Release|x64
		{3E3EDA15-4C60-446E-A4EC-B706BBD0F916}.Release|ARM.ActiveCfg = Release|x64
		{3E3EDA15-4C60-446E-A4EC-B706BBD0F916}.Release|ARM.Build.0 = Release|x64
		{3E3EDA15-4C60-446E-A4EC-B706BBD0F916}.Release|ARM.Deploy.0 = Release|x64
		{3E3EDA15-4C60-446E-A4EC-B706BBD0F916}.Release|ARM64.ActiveCfg = Release|ARM64
		{3E3EDA15-4C60-446E-A4EC-B706BBD0F916}.Release|ARM64.Build.0 = Release|ARM64
		{3E3EDA15-4C60-446E-A4EC-B706BBD0F916}.Release|ARM64.Deploy.0 = Release|ARM64
		{3E3EDA15-4C60-446E-A4EC-B706BBD0F916}.Release|iPhone.ActiveCfg = Release|x64
		{3E3EDA15-4C60-446E-A4EC-B706BBD0F916}.Release|iPhone.Build.0 = Release|x64
		{3E3EDA15-4C60-446E-A4EC-B706BBD0F916}.Release|iPhone.Deploy.0 = Release|x64
		{3E3EDA15-4C60-446E-A4EC-B706BBD0F916}.Release|iPhoneSimulator.ActiveCfg = Release|x64
		{3E3EDA15-4C60-446E-A4EC-B706BBD0F916}.Release|iPhoneSimulator.Build.0 = Release|x64
		{3E3EDA15-4C60-446E-A4EC-B706BBD0F916}.Release|iPhoneSimulator.Deploy.0 = Release|x64
		{3E3EDA15-4C60-446E-A4EC-B706BBD0F916}.Release|x64.ActiveCfg = Release|x64
		{3E3EDA15-4C60-446E-A4EC-B706BBD0F916}.Release|x64.Build.0 = Release|x64
		{3E3EDA15-4C60-446E-A4EC-B706BBD0F916}.Release|x64.Deploy.0 = Release|x64
		{3E3EDA15-4C60-446E-A4EC-B706BBD0F916}.Release|x86.ActiveCfg = Release|x86
		{3E3EDA15-4C60-446E-A4EC-B706BBD0F916}.Release|x86.Build.0 = Release|x86
		{3E3EDA15-4C60-446E-A4EC-B706BBD0F916}.Release|x86.Deploy.0 = Release|x86
		{1CF0EED6-DA7C-4E2A-B061-DFEF638DB0EA}.Debug|Any CPU.ActiveCfg = Debug|x64
		{1CF0EED6-DA7C-4E2A-B061-DFEF638DB0EA}.Debug|Any CPU.Build.0 = Debug|x64
		{1CF0EED6-DA7C-4E2A-B061-DFEF638DB0EA}.Debug|ARM.ActiveCfg = Debug|x64
		{1CF0EED6-DA7C-4E2A-B061-DFEF638DB0EA}.Debug|ARM.Build.0 = Debug|x64
		{1CF0EED6-DA7C-4E2A-B061-DFEF638DB0EA}.Debug|ARM64.ActiveCfg = Debug|ARM64
		{1CF0EED6-DA7C-4E2A-B061-DFEF638DB0EA}.Debug|ARM64.Build.0 = Debug|ARM64
		{1CF0EED6-DA7C-4E2A-B061-DFEF638DB0EA}.Debug|iPhone.ActiveCfg = Debug|x64
		{1CF0EED6-DA7C-4E2A-B061-DFEF638DB0EA}.Debug|iPhone.Build.0 = Debug|x64
		{1CF0EED6-DA7C-4E2A-B061-DFEF638DB0EA}.Debug|iPhoneSimulator.ActiveCfg = Debug|x64
		{1CF0EED6-DA7C-4E2A-B061-DFEF638DB0EA}.Debug|iPhoneSimulator.Build.0 = Debug|x64
		{1CF0EED6-DA7C-4E2A-B061-DFEF638DB0EA}.Debug|x64.ActiveCfg = Debug|x64
		{1CF0EED6-DA7C-4E2A-B061-DFEF638DB0EA}.Debug|x64.Build.0 = Debug|x64
		{1CF0EED6-DA7C-4E2A-B061-DFEF638DB0EA}.Debug|x86.ActiveCfg = Debug|x86
		{1CF0EED6-DA7C-4E2A-B061-DFEF638DB0EA}.Debug|x86.Build.0 = Debug|x86
		{1CF0EED6-DA7C-4E2A-B061-DFEF638DB0EA}.Release|Any CPU.ActiveCfg = Release|x64
		{1CF0EED6-DA7C-4E2A-B061-DFEF638DB0EA}.Release|Any CPU.Build.0 = Release|x64
		{1CF0EED6-DA7C-4E2A-B061-DFEF638DB0EA}.Release|ARM.ActiveCfg = Release|x64
		{1CF0EED6-DA7C-4E2A-B061-DFEF638DB0EA}.Release|ARM.Build.0 = Release|x64
		{1CF0EED6-DA7C-4E2A-B061-DFEF638DB0EA}.Release|ARM64.ActiveCfg = Release|ARM64
		{1CF0EED6-DA7C-4E2A-B061-DFEF638DB0EA}.Release|ARM64.Build.0 = Release|ARM64
		{1CF0EED6-DA7C-4E2A-B061-DFEF638DB0EA}.Release|iPhone.ActiveCfg = Release|x64
		{1CF0EED6-DA7C-4E2A-B061-DFEF638DB0EA}.Release|iPhone.Build.0 = Release|x64
		{1CF0EED6-DA7C-4E2A-B061-DFEF638DB0EA}.Release|iPhoneSimulator.ActiveCfg = Release|x64
		{1CF0EED6-DA7C-4E2A-B061-DFEF638DB0EA}.Release|iPhoneSimulator.Build.0 = Release|x64
		{1CF0EED6-DA7C-4E2A-B061-DFEF638DB0EA}.Release|x64.ActiveCfg = Release|x64
		{1CF0EED6-DA7C-4E2A-B061-DFEF638DB0EA}.Release|x64.Build.0 = Release|x64
		{1CF0EED6-DA7C-4E2A-B061-DFEF638DB0EA}.Release|x86.ActiveCfg = Release|x86
		{1CF0EED6-DA7C-4E2A-B061-DFEF638DB0EA}.Release|x86.Build.0 = Release|x86
	EndGlobalSection
	GlobalSection(SolutionProperties) = preSolution
		HideSolutionNode = FALSE
	EndGlobalSection
	GlobalSection(ExtensibilityGlobals) = postSolution
		SolutionGuid = {80E84325-6255-4033-B0B3-EB98A3D70BA3}
	EndGlobalSection
EndGlobal
