
Microsoft Visual Studio Solution File, Format Version 12.00
# Visual Studio Version 16
VisualStudioVersion = 16.0.30611.23
MinimumVisualStudioVersion = 10.0.40219.1
Project("{FAE04EC0-301F-11D3-BF4B-00C04F79EFBC}") = "UWP", "UWP\UWP.csproj", "{5077B092-E8E3-4ADD-A934-88B99D743EA0}"
EndProject
Project("{FAE04EC0-301F-11D3-BF4B-00C04F79EFBC}") = "Xam.Android", "Xam\Xam.Android\Xam.Android.csproj", "{83B5C0A5-54F5-433E-AAAB-25F8805B9E3A}"
EndProject
Project("{FAE04EC0-301F-11D3-BF4B-00C04F79EFBC}") = "Xam.iOS", "Xam\Xam.iOS\Xam.iOS.csproj", "{90C07C74-9566-4E77-8587-81B96B69EBA6}"
EndProject
Project("{FAE04EC0-301F-11D3-BF4B-00C04F79EFBC}") = "Xam", "Xam\Xam\Xam.csproj", "{544DEF7A-81D2-48A1-8C78-20235B46A163}"
EndProject
Global
	GlobalSection(SolutionConfigurationPlatforms) = preSolution
		Debug|Any CPU = Debug|Any CPU
		Debug|ARM = Debug|ARM
		Debug|ARM64 = Debug|ARM64
		Debug|iPhone = Debug|iPhone
		Debug|iPhoneSimulator = Debug|iPhoneSimulator
		Debug|x64 = Debug|x64
		Debug|x86 = Debug|x86
		Release|Any CPU = Release|Any CPU
		Release|ARM = Release|ARM
		Release|ARM64 = Release|ARM64
		Release|iPhone = Release|iPhone
		Release|iPhoneSimulator = Release|iPhoneSimulator
		Release|x64 = Release|x64
		Release|x86 = Release|x86
	EndGlobalSection
	GlobalSection(ProjectConfigurationPlatforms) = postSolution
		{5077B092-E8E3-4ADD-A934-88B99D743EA0}.Debug|Any CPU.ActiveCfg = Debug|x86
		{5077B092-E8E3-4ADD-A934-88B99D743EA0}.Debug|ARM.ActiveCfg = Debug|ARM
		{5077B092-E8E3-4ADD-A934-88B99D743EA0}.Debug|ARM.Build.0 = Debug|ARM
		{5077B092-E8E3-4ADD-A934-88B99D743EA0}.Debug|ARM.Deploy.0 = Debug|ARM
		{5077B092-E8E3-4ADD-A934-88B99D743EA0}.Debug|ARM64.ActiveCfg = Debug|ARM64
		{5077B092-E8E3-4ADD-A934-88B99D743EA0}.Debug|ARM64.Build.0 = Debug|ARM64
		{5077B092-E8E3-4ADD-A934-88B99D743EA0}.Debug|ARM64.Deploy.0 = Debug|ARM64
		{5077B092-E8E3-4ADD-A934-88B99D743EA0}.Debug|iPhone.ActiveCfg = Debug|x86
		{5077B092-E8E3-4ADD-A934-88B99D743EA0}.Debug|iPhoneSimulator.ActiveCfg = Debug|x86
		{5077B092-E8E3-4ADD-A934-88B99D743EA0}.Debug|x64.ActiveCfg = Debug|x64
		{5077B092-E8E3-4ADD-A934-88B99D743EA0}.Debug|x64.Build.0 = Debug|x64
		{5077B092-E8E3-4ADD-A934-88B99D743EA0}.Debug|x64.Deploy.0 = Debug|x64
		{5077B092-E8E3-4ADD-A934-88B99D743EA0}.Debug|x86.ActiveCfg = Debug|x86
		{5077B092-E8E3-4ADD-A934-88B99D743EA0}.Debug|x86.Build.0 = Debug|x86
		{5077B092-E8E3-4ADD-A934-88B99D743EA0}.Debug|x86.Deploy.0 = Debug|x86
		{5077B092-E8E3-4ADD-A934-88B99D743EA0}.Release|Any CPU.ActiveCfg = Release|x86
		{5077B092-E8E3-4ADD-A934-88B99D743EA0}.Release|ARM.ActiveCfg = Release|ARM
		{5077B092-E8E3-4ADD-A934-88B99D743EA0}.Release|ARM.Build.0 = Release|ARM
		{5077B092-E8E3-4ADD-A934-88B99D743EA0}.Release|ARM.Deploy.0 = Release|ARM
		{5077B092-E8E3-4ADD-A934-88B99D743EA0}.Release|ARM64.ActiveCfg = Release|ARM64
		{5077B092-E8E3-4ADD-A934-88B99D743EA0}.Release|ARM64.Build.0 = Release|ARM64
		{5077B092-E8E3-4ADD-A934-88B99D743EA0}.Release|ARM64.Deploy.0 = Release|ARM64
		{5077B092-E8E3-4ADD-A934-88B99D743EA0}.Release|iPhone.ActiveCfg = Release|x86
		{5077B092-E8E3-4ADD-A934-88B99D743EA0}.Release|iPhoneSimulator.ActiveCfg = Release|x86
		{5077B092-E8E3-4ADD-A934-88B99D743EA0}.Release|x64.ActiveCfg = Release|x64
		{5077B092-E8E3-4ADD-A934-88B99D743EA0}.Release|x64.Build.0 = Release|x64
		{5077B092-E8E3-4ADD-A934-88B99D743EA0}.Release|x64.Deploy.0 = Release|x64
		{5077B092-E8E3-4ADD-A934-88B99D743EA0}.Release|x86.ActiveCfg = Release|x86
		{5077B092-E8E3-4ADD-A934-88B99D743EA0}.Release|x86.Build.0 = Release|x86
		{5077B092-E8E3-4ADD-A934-88B99D743EA0}.Release|x86.Deploy.0 = Release|x86
		{83B5C0A5-54F5-433E-AAAB-25F8805B9E3A}.Debug|Any CPU.ActiveCfg = Debug|Any CPU
		{83B5C0A5-54F5-433E-AAAB-25F8805B9E3A}.Debug|Any CPU.Build.0 = Debug|Any CPU
		{83B5C0A5-54F5-433E-AAAB-25F8805B9E3A}.Debug|Any CPU.Deploy.0 = Debug|Any CPU
		{83B5C0A5-54F5-433E-AAAB-25F8805B9E3A}.Debug|ARM.ActiveCfg = Debug|Any CPU
		{83B5C0A5-54F5-433E-AAAB-25F8805B9E3A}.Debug|ARM.Build.0 = Debug|Any CPU
		{83B5C0A5-54F5-433E-AAAB-25F8805B9E3A}.Debug|ARM.Deploy.0 = Debug|Any CPU
		{83B5C0A5-54F5-433E-AAAB-25F8805B9E3A}.Debug|ARM64.ActiveCfg = Debug|Any CPU
		{83B5C0A5-54F5-433E-AAAB-25F8805B9E3A}.Debug|ARM64.Build.0 = Debug|Any CPU
		{83B5C0A5-54F5-433E-AAAB-25F8805B9E3A}.Debug|ARM64.Deploy.0 = Debug|Any CPU
		{83B5C0A5-54F5-433E-AAAB-25F8805B9E3A}.Debug|iPhone.ActiveCfg = Debug|Any CPU
		{83B5C0A5-54F5-433E-AAAB-25F8805B9E3A}.Debug|iPhone.Build.0 = Debug|Any CPU
		{83B5C0A5-54F5-433E-AAAB-25F8805B9E3A}.Debug|iPhone.Deploy.0 = Debug|Any CPU
		{83B5C0A5-54F5-433E-AAAB-25F8805B9E3A}.Debug|iPhoneSimulator.ActiveCfg = Debug|Any CPU
		{83B5C0A5-54F5-433E-AAAB-25F8805B9E3A}.Debug|iPhoneSimulator.Build.0 = Debug|Any CPU
		{83B5C0A5-54F5-433E-AAAB-25F8805B9E3A}.Debug|iPhoneSimulator.Deploy.0 = Debug|Any CPU
		{83B5C0A5-54F5-433E-AAAB-25F8805B9E3A}.Debug|x64.ActiveCfg = Debug|Any CPU
		{83B5C0A5-54F5-433E-AAAB-25F8805B9E3A}.Debug|x64.Build.0 = Debug|Any CPU
		{83B5C0A5-54F5-433E-AAAB-25F8805B9E3A}.Debug|x64.Deploy.0 = Debug|Any CPU
		{83B5C0A5-54F5-433E-AAAB-25F8805B9E3A}.Debug|x86.ActiveCfg = Debug|Any CPU
		{83B5C0A5-54F5-433E-AAAB-25F8805B9E3A}.Debug|x86.Build.0 = Debug|Any CPU
		{83B5C0A5-54F5-433E-AAAB-25F8805B9E3A}.Debug|x86.Deploy.0 = Debug|Any CPU
		{83B5C0A5-54F5-433E-AAAB-25F8805B9E3A}.Release|Any CPU.ActiveCfg = Release|Any CPU
		{83B5C0A5-54F5-433E-AAAB-25F8805B9E3A}.Release|Any CPU.Build.0 = Release|Any CPU
		{83B5C0A5-54F5-433E-AAAB-25F8805B9E3A}.Release|Any CPU.Deploy.0 = Release|Any CPU
		{83B5C0A5-54F5-433E-AAAB-25F8805B9E3A}.Release|ARM.ActiveCfg = Release|Any CPU
		{83B5C0A5-54F5-433E-AAAB-25F8805B9E3A}.Release|ARM.Build.0 = Release|Any CPU
		{83B5C0A5-54F5-433E-AAAB-25F8805B9E3A}.Release|ARM.Deploy.0 = Release|Any CPU
		{83B5C0A5-54F5-433E-AAAB-25F8805B9E3A}.Release|ARM64.ActiveCfg = Release|Any CPU
		{83B5C0A5-54F5-433E-AAAB-25F8805B9E3A}.Release|ARM64.Build.0 = Release|Any CPU
		{83B5C0A5-54F5-433E-AAAB-25F8805B9E3A}.Release|ARM64.Deploy.0 = Release|Any CPU
		{83B5C0A5-54F5-433E-AAAB-25F8805B9E3A}.Release|iPhone.ActiveCfg = Release|Any CPU
		{83B5C0A5-54F5-433E-AAAB-25F8805B9E3A}.Release|iPhone.Build.0 = Release|Any CPU
		{83B5C0A5-54F5-433E-AAAB-25F8805B9E3A}.Release|iPhone.Deploy.0 = Release|Any CPU
		{83B5C0A5-54F5-433E-AAAB-25F8805B9E3A}.Release|iPhoneSimulator.ActiveCfg = Release|Any CPU
		{83B5C0A5-54F5-433E-AAAB-25F8805B9E3A}.Release|iPhoneSimulator.Build.0 = Release|Any CPU
		{83B5C0A5-54F5-433E-AAAB-25F8805B9E3A}.Release|iPhoneSimulator.Deploy.0 = Release|Any CPU
		{83B5C0A5-54F5-433E-AAAB-25F8805B9E3A}.Release|x64.ActiveCfg = Release|Any CPU
		{83B5C0A5-54F5-433E-AAAB-25F8805B9E3A}.Release|x64.Build.0 = Release|Any CPU
		{83B5C0A5-54F5-433E-AAAB-25F8805B9E3A}.Release|x64.Deploy.0 = Release|Any CPU
		{83B5C0A5-54F5-433E-AAAB-25F8805B9E3A}.Release|x86.ActiveCfg = Release|Any CPU
		{83B5C0A5-54F5-433E-AAAB-25F8805B9E3A}.Release|x86.Build.0 = Release|Any CPU
		{83B5C0A5-54F5-433E-AAAB-25F8805B9E3A}.Release|x86.Deploy.0 = Release|Any CPU
		{90C07C74-9566-4E77-8587-81B96B69EBA6}.Debug|Any CPU.ActiveCfg = Debug|iPhoneSimulator
		{90C07C74-9566-4E77-8587-81B96B69EBA6}.Debug|ARM.ActiveCfg = Debug|iPhoneSimulator
		{90C07C74-9566-4E77-8587-81B96B69EBA6}.Debug|ARM64.ActiveCfg = Debug|iPhoneSimulator
		{90C07C74-9566-4E77-8587-81B96B69EBA6}.Debug|iPhone.ActiveCfg = Debug|iPhone
		{90C07C74-9566-4E77-8587-81B96B69EBA6}.Debug|iPhone.Build.0 = Debug|iPhone
		{90C07C74-9566-4E77-8587-81B96B69EBA6}.Debug|iPhoneSimulator.ActiveCfg = Debug|iPhoneSimulator
		{90C07C74-9566-4E77-8587-81B96B69EBA6}.Debug|iPhoneSimulator.Build.0 = Debug|iPhoneSimulator
		{90C07C74-9566-4E77-8587-81B96B69EBA6}.Debug|x64.ActiveCfg = Debug|iPhoneSimulator
		{90C07C74-9566-4E77-8587-81B96B69EBA6}.Debug|x86.ActiveCfg = Debug|iPhoneSimulator
		{90C07C74-9566-4E77-8587-81B96B69EBA6}.Release|Any CPU.ActiveCfg = Release|iPhoneSimulator
		{90C07C74-9566-4E77-8587-81B96B69EBA6}.Release|ARM.ActiveCfg = Release|iPhoneSimulator
		{90C07C74-9566-4E77-8587-81B96B69EBA6}.Release|ARM64.ActiveCfg = Release|iPhoneSimulator
		{90C07C74-9566-4E77-8587-81B96B69EBA6}.Release|iPhone.ActiveCfg = Release|iPhone
		{90C07C74-9566-4E77-8587-81B96B69EBA6}.Release|iPhone.Build.0 = Release|iPhone
		{90C07C74-9566-4E77-8587-81B96B69EBA6}.Release|iPhoneSimulator.ActiveCfg = Release|iPhoneSimulator
		{90C07C74-9566-4E77-8587-81B96B69EBA6}.Release|iPhoneSimulator.Build.0 = Release|iPhoneSimulator
		{90C07C74-9566-4E77-8587-81B96B69EBA6}.Release|x64.ActiveCfg = Release|iPhoneSimulator
		{90C07C74-9566-4E77-8587-81B96B69EBA6}.Release|x86.ActiveCfg = Release|iPhoneSimulator
		{544DEF7A-81D2-48A1-8C78-20235B46A163}.Debug|Any CPU.ActiveCfg = Debug|Any CPU
		{544DEF7A-81D2-48A1-8C78-20235B46A163}.Debug|Any CPU.Build.0 = Debug|Any CPU
		{544DEF7A-81D2-48A1-8C78-20235B46A163}.Debug|ARM.ActiveCfg = Debug|Any CPU
		{544DEF7A-81D2-48A1-8C78-20235B46A163}.Debug|ARM.Build.0 = Debug|Any CPU
		{544DEF7A-81D2-48A1-8C78-20235B46A163}.Debug|ARM64.ActiveCfg = Debug|Any CPU
		{544DEF7A-81D2-48A1-8C78-20235B46A163}.Debug|ARM64.Build.0 = Debug|Any CPU
		{544DEF7A-81D2-48A1-8C78-20235B46A163}.Debug|iPhone.ActiveCfg = Debug|Any CPU
		{544DEF7A-81D2-48A1-8C78-20235B46A163}.Debug|iPhone.Build.0 = Debug|Any CPU
		{544DEF7A-81D2-48A1-8C78-20235B46A163}.Debug|iPhoneSimulator.ActiveCfg = Debug|Any CPU
		{544DEF7A-81D2-48A1-8C78-20235B46A163}.Debug|iPhoneSimulator.Build.0 = Debug|Any CPU
		{544DEF7A-81D2-48A1-8C78-20235B46A163}.Debug|x64.ActiveCfg = Debug|Any CPU
		{544DEF7A-81D2-48A1-8C78-20235B46A163}.Debug|x64.Build.0 = Debug|Any CPU
		{544DEF7A-81D2-48A1-8C78-20235B46A163}.Debug|x86.ActiveCfg = Debug|Any CPU
		{544DEF7A-81D2-48A1-8C78-20235B46A163}.Debug|x86.Build.0 = Debug|Any CPU
		{544DEF7A-81D2-48A1-8C78-20235B46A163}.Release|Any CPU.ActiveCfg = Release|Any CPU
		{544DEF7A-81D2-48A1-8C78-20235B46A163}.Release|Any CPU.Build.0 = Release|Any CPU
		{544DEF7A-81D2-48A1-8C78-20235B46A163}.Release|ARM.ActiveCfg = Release|Any CPU
		{544DEF7A-81D2-48A1-8C78-20235B46A163}.Release|ARM.Build.0 = Release|Any CPU
		{544DEF7A-81D2-48A1-8C78-20235B46A163}.Release|ARM64.ActiveCfg = Release|Any CPU
		{544DEF7A-81D2-48A1-8C78-20235B46A163}.Release|ARM64.Build.0 = Release|Any CPU
		{544DEF7A-81D2-48A1-8C78-20235B46A163}.Release|iPhone.ActiveCfg = Release|Any CPU
		{544DEF7A-81D2-48A1-8C78-20235B46A163}.Release|iPhone.Build.0 = Release|Any CPU
		{544DEF7A-81D2-48A1-8C78-20235B46A163}.Release|iPhoneSimulator.ActiveCfg = Release|Any CPU
		{544DEF7A-81D2-48A1-8C78-20235B46A163}.Release|iPhoneSimulator.Build.0 = Release|Any CPU
		{544DEF7A-81D2-48A1-8C78-20235B46A163}.Release|x64.ActiveCfg = Release|Any CPU
		{544DEF7A-81D2-48A1-8C78-20235B46A163}.Release|x64.Build.0 = Release|Any CPU
		{544DEF7A-81D2-48A1-8C78-20235B46A163}.Release|x86.ActiveCfg = Release|Any CPU
		{544DEF7A-81D2-48A1-8C78-20235B46A163}.Release|x86.Build.0 = Release|Any CPU
	EndGlobalSection
	GlobalSection(SolutionProperties) = preSolution
		HideSolutionNode = FALSE
	EndGlobalSection
	GlobalSection(ExtensibilityGlobals) = postSolution
		SolutionGuid = {80E84325-6255-4033-B0B3-EB98A3D70BA3}
	EndGlobalSection
EndGlobal
